
Microsoft Visual Studio Solution File, Format Version 12.00
# Visual Studio Version 16
VisualStudioVersion = 16.0.30717.126
MinimumVisualStudioVersion = 10.0.40219.1
Project("{FAE04EC0-301F-11D3-BF4B-00C04F79EFBC}") = "temp app", "temp app\temp app.csproj", "{BF8F92BA-F562-49B1-A569-C3F0F9A5DD2C}"
EndProject
Global
	GlobalSection(SolutionConfigurationPlatforms) = preSolution
		Debug|Any CPU = Debug|Any CPU
		Release|Any CPU = Release|Any CPU
	EndGlobalSection
	GlobalSection(ProjectConfigurationPlatforms) = postSolution
		{BF8F92BA-F562-49B1-A569-C3F0F9A5DD2C}.Debug|Any CPU.ActiveCfg = Debug|Any CPU
		{BF8F92BA-F562-49B1-A569-C3F0F9A5DD2C}.Debug|Any CPU.Build.0 = Debug|Any CPU
		{BF8F92BA-F562-49B1-A569-C3F0F9A5DD2C}.Release|Any CPU.ActiveCfg = Release|Any CPU
		{BF8F92BA-F562-49B1-A569-C3F0F9A5DD2C}.Release|Any CPU.Build.0 = Release|Any CPU
	EndGlobalSection
	GlobalSection(SolutionProperties) = preSolution
		HideSolutionNode = FALSE
	EndGlobalSection
	GlobalSection(ExtensibilityGlobals) = postSolution
		SolutionGuid = {6765B93C-D772-4C70-8AAE-F79BC838C765}
	EndGlobalSection
EndGlobal
